{
  "name": "junkapp2",
  "lockfileVersion": 2,
  "requires": true,
  "packages": {
    "": {
      "dependencies": {
        "splide-nextjs": "^2.4.23"
      }
    },
    "node_modules/splide-nextjs": {
      "version": "2.4.23",
      "resolved": "https://registry.npmjs.org/splide-nextjs/-/splide-nextjs-2.4.23.tgz",
      "integrity": "sha512-LkHmTNiWq7HIPoziALpk4NEfkLwyB86dWJYMDWV3Y0fZDapEfBHtdYaxZ/P61iZHsf29kuJtrW4WXWFIPa96Jw=="
    }
  },
  "dependencies": {
    "splide-nextjs": {
      "version": "2.4.23",
      "resolved": "https://registry.npmjs.org/splide-nextjs/-/splide-nextjs-2.4.23.tgz",
      "integrity": "sha512-LkHmTNiWq7HIPoziALpk4NEfkLwyB86dWJYMDWV3Y0fZDapEfBHtdYaxZ/P61iZHsf29kuJtrW4WXWFIPa96Jw=="
    }
  }
}
